// !$*UTF8*$!
{
	archiveVersion = 1;
	classes = {
	};
	objectVersion = 52;
	objects = {

/* Begin PBXBuildFile section */
		3FB94B762491A2D6005947FD /* AppDelegate.swift in Sources */ = {isa = PBXBuildFile; fileRef = 3FB94B752491A2D6005947FD /* AppDelegate.swift */; };
		3FB94B782491A2D6005947FD /* SceneDelegate.swift in Sources */ = {isa = PBXBuildFile; fileRef = 3FB94B772491A2D6005947FD /* SceneDelegate.swift */; };
		3FB94B7A2491A2D6005947FD /* ViewController.swift in Sources */ = {isa = PBXBuildFile; fileRef = 3FB94B792491A2D6005947FD /* ViewController.swift */; };
		3FB94B7D2491A2D6005947FD /* Main.storyboard in Resources */ = {isa = PBXBuildFile; fileRef = 3FB94B7B2491A2D6005947FD /* Main.storyboard */; };
		3FB94B7F2491A2D9005947FD /* Assets.xcassets in Resources */ = {isa = PBXBuildFile; fileRef = 3FB94B7E2491A2D9005947FD /* Assets.xcassets */; };
		3FB94B822491A2D9005947FD /* LaunchScreen.storyboard in Resources */ = {isa = PBXBuildFile; fileRef = 3FB94B802491A2D9005947FD /* LaunchScreen.storyboard */; };
		3FB94B8D2491A2DA005947FD /* KeychainPractice_KeychainSwiftTests.swift in Sources */ = {isa = PBXBuildFile; fileRef = 3FB94B8C2491A2DA005947FD /* KeychainPractice_KeychainSwiftTests.swift */; };
		3FB94B982491A2DA005947FD /* KeychainPractice_KeychainSwiftUITests.swift in Sources */ = {isa = PBXBuildFile; fileRef = 3FB94B972491A2DA005947FD /* KeychainPractice_KeychainSwiftUITests.swift */; };
		3FB94BA72491A560005947FD /* DetailViewController.swift in Sources */ = {isa = PBXBuildFile; fileRef = 3FB94BA62491A560005947FD /* DetailViewController.swift */; };
		3FF80F832491AAFF00FD0B20 /* KeychainSwift in Frameworks */ = {isa = PBXBuildFile; productRef = 3FF80F822491AAFF00FD0B20 /* KeychainSwift */; };
/* End PBXBuildFile section */

/* Begin PBXContainerItemProxy section */
		3FB94B892491A2DA005947FD /* PBXContainerItemProxy */ = {
			isa = PBXContainerItemProxy;
			containerPortal = 3FB94B6A2491A2D6005947FD /* Project object */;
			proxyType = 1;
			remoteGlobalIDString = 3FB94B712491A2D6005947FD;
			remoteInfo = "KeychainPractice-KeychainSwift";
		};
		3FB94B942491A2DA005947FD /* PBXContainerItemProxy */ = {
			isa = PBXContainerItemProxy;
			containerPortal = 3FB94B6A2491A2D6005947FD /* Project object */;
			proxyType = 1;
			remoteGlobalIDString = 3FB94B712491A2D6005947FD;
			remoteInfo = "KeychainPractice-KeychainSwift";
		};
/* End PBXContainerItemProxy section */

/* Begin PBXFileReference section */
		3FB94B722491A2D6005947FD /* KeychainPractice-KeychainSwift.app */ = {isa = PBXFileReference; explicitFileType = wrapper.application; includeInIndex = 0; path = "KeychainPractice-KeychainSwift.app"; sourceTree = BUILT_PRODUCTS_DIR; };
		3FB94B752491A2D6005947FD /* AppDelegate.swift */ = {isa = PBXFileReference; lastKnownFileType = sourcecode.swift; path = AppDelegate.swift; sourceTree = "<group>"; };
		3FB94B772491A2D6005947FD /* SceneDelegate.swift */ = {isa = PBXFileReference; lastKnownFileType = sourcecode.swift; path = SceneDelegate.swift; sourceTree = "<group>"; };
		3FB94B792491A2D6005947FD /* ViewController.swift */ = {isa = PBXFileReference; lastKnownFileType = sourcecode.swift; path = ViewController.swift; sourceTree = "<group>"; };
		3FB94B7C2491A2D6005947FD /* Base */ = {isa = PBXFileReference; lastKnownFileType = file.storyboard; name = Base; path = Base.lproj/Main.storyboard; sourceTree = "<group>"; };
		3FB94B7E2491A2D9005947FD /* Assets.xcassets */ = {isa = PBXFileReference; lastKnownFileType = folder.assetcatalog; path = Assets.xcassets; sourceTree = "<group>"; };
		3FB94B812491A2D9005947FD /* Base */ = {isa = PBXFileReference; lastKnownFileType = file.storyboard; name = Base; path = Base.lproj/LaunchScreen.storyboard; sourceTree = "<group>"; };
		3FB94B832491A2D9005947FD /* Info.plist */ = {isa = PBXFileReference; lastKnownFileType = text.plist.xml; path = Info.plist; sourceTree = "<group>"; };
		3FB94B882491A2DA005947FD /* KeychainPractice-KeychainSwiftTests.xctest */ = {isa = PBXFileReference; explicitFileType = wrapper.cfbundle; includeInIndex = 0; path = "KeychainPractice-KeychainSwiftTests.xctest"; sourceTree = BUILT_PRODUCTS_DIR; };
		3FB94B8C2491A2DA005947FD /* KeychainPractice_KeychainSwiftTests.swift */ = {isa = PBXFileReference; lastKnownFileType = sourcecode.swift; path = KeychainPractice_KeychainSwiftTests.swift; sourceTree = "<group>"; };
		3FB94B8E2491A2DA005947FD /* Info.plist */ = {isa = PBXFileReference; lastKnownFileType = text.plist.xml; path = Info.plist; sourceTree = "<group>"; };
		3FB94B932491A2DA005947FD /* KeychainPractice-KeychainSwiftUITests.xctest */ = {isa = PBXFileReference; explicitFileType = wrapper.cfbundle; includeInIndex = 0; path = "KeychainPractice-KeychainSwiftUITests.xctest"; sourceTree = BUILT_PRODUCTS_DIR; };
		3FB94B972491A2DA005947FD /* KeychainPractice_KeychainSwiftUITests.swift */ = {isa = PBXFileReference; lastKnownFileType = sourcecode.swift; path = KeychainPractice_KeychainSwiftUITests.swift; sourceTree = "<group>"; };
		3FB94B992491A2DA005947FD /* Info.plist */ = {isa = PBXFileReference; lastKnownFileType = text.plist.xml; path = Info.plist; sourceTree = "<group>"; };
		3FB94BA62491A560005947FD /* DetailViewController.swift */ = {isa = PBXFileReference; lastKnownFileType = sourcecode.swift; path = DetailViewController.swift; sourceTree = "<group>"; };
		3FB94BA82491A739005947FD /* KeychainPractice-KeychainSwift.entitlements */ = {isa = PBXFileReference; lastKnownFileType = text.plist.entitlements; path = "KeychainPractice-KeychainSwift.entitlements"; sourceTree = "<group>"; };
/* End PBXFileReference section */

/* Begin PBXFrameworksBuildPhase section */
		3FB94B6F2491A2D6005947FD /* Frameworks */ = {
			isa = PBXFrameworksBuildPhase;
			buildActionMask = 2147483647;
			files = (
				3FF80F832491AAFF00FD0B20 /* KeychainSwift in Frameworks */,
			);
			runOnlyForDeploymentPostprocessing = 0;
		};
		3FB94B852491A2DA005947FD /* Frameworks */ = {
			isa = PBXFrameworksBuildPhase;
			buildActionMask = 2147483647;
			files = (
			);
			runOnlyForDeploymentPostprocessing = 0;
		};
		3FB94B902491A2DA005947FD /* Frameworks */ = {
			isa = PBXFrameworksBuildPhase;
			buildActionMask = 2147483647;
			files = (
			);
			runOnlyForDeploymentPostprocessing = 0;
		};
/* End PBXFrameworksBuildPhase section */

/* Begin PBXGroup section */
		3FB94B692491A2D6005947FD = {
			isa = PBXGroup;
			children = (
				3FB94B742491A2D6005947FD /* KeychainPractice-KeychainSwift */,
				3FB94B8B2491A2DA005947FD /* KeychainPractice-KeychainSwiftTests */,
				3FB94B962491A2DA005947FD /* KeychainPractice-KeychainSwiftUITests */,
				3FB94B732491A2D6005947FD /* Products */,
			);
			sourceTree = "<group>";
		};
		3FB94B732491A2D6005947FD /* Products */ = {
			isa = PBXGroup;
			children = (
				3FB94B722491A2D6005947FD /* KeychainPractice-KeychainSwift.app */,
				3FB94B882491A2DA005947FD /* KeychainPractice-KeychainSwiftTests.xctest */,
				3FB94B932491A2DA005947FD /* KeychainPractice-KeychainSwiftUITests.xctest */,
			);
			name = Products;
			sourceTree = "<group>";
		};
		3FB94B742491A2D6005947FD /* KeychainPractice-KeychainSwift */ = {
			isa = PBXGroup;
			children = (
				3FB94BA82491A739005947FD /* KeychainPractice-KeychainSwift.entitlements */,
				3FB94BA52491A547005947FD /* Controllers */,
				3FB94B752491A2D6005947FD /* AppDelegate.swift */,
				3FB94B772491A2D6005947FD /* SceneDelegate.swift */,
				3FB94B7B2491A2D6005947FD /* Main.storyboard */,
				3FB94B7E2491A2D9005947FD /* Assets.xcassets */,
				3FB94B802491A2D9005947FD /* LaunchScreen.storyboard */,
				3FB94B832491A2D9005947FD /* Info.plist */,
			);
			path = "KeychainPractice-KeychainSwift";
			sourceTree = "<group>";
		};
		3FB94B8B2491A2DA005947FD /* KeychainPractice-KeychainSwiftTests */ = {
			isa = PBXGroup;
			children = (
				3FB94B8C2491A2DA005947FD /* KeychainPractice_KeychainSwiftTests.swift */,
				3FB94B8E2491A2DA005947FD /* Info.plist */,
			);
			path = "KeychainPractice-KeychainSwiftTests";
			sourceTree = "<group>";
		};
		3FB94B962491A2DA005947FD /* KeychainPractice-KeychainSwiftUITests */ = {
			isa = PBXGroup;
			children = (
				3FB94B972491A2DA005947FD /* KeychainPractice_KeychainSwiftUITests.swift */,
				3FB94B992491A2DA005947FD /* Info.plist */,
			);
			path = "KeychainPractice-KeychainSwiftUITests";
			sourceTree = "<group>";
		};
		3FB94BA52491A547005947FD /* Controllers */ = {
			isa = PBXGroup;
			children = (
				3FB94B792491A2D6005947FD /* ViewController.swift */,
				3FB94BA62491A560005947FD /* DetailViewController.swift */,
			);
			path = Controllers;
			sourceTree = "<group>";
		};
/* End PBXGroup section */

/* Begin PBXNativeTarget section */
		3FB94B712491A2D6005947FD /* KeychainPractice-KeychainSwift */ = {
			isa = PBXNativeTarget;
			buildConfigurationList = 3FB94B9C2491A2DA005947FD /* Build configuration list for PBXNativeTarget "KeychainPractice-KeychainSwift" */;
			buildPhases = (
				3FB94B6E2491A2D6005947FD /* Sources */,
				3FB94B6F2491A2D6005947FD /* Frameworks */,
				3FB94B702491A2D6005947FD /* Resources */,
			);
			buildRules = (
			);
			dependencies = (
			);
			name = "KeychainPractice-KeychainSwift";
			packageProductDependencies = (
				3FF80F822491AAFF00FD0B20 /* KeychainSwift */,
			);
			productName = "KeychainPractice-KeychainSwift";
			productReference = 3FB94B722491A2D6005947FD /* KeychainPractice-KeychainSwift.app */;
			productType = "com.apple.product-type.application";
		};
		3FB94B872491A2DA005947FD /* KeychainPractice-KeychainSwiftTests */ = {
			isa = PBXNativeTarget;
			buildConfigurationList = 3FB94B9F2491A2DA005947FD /* Build configuration list for PBXNativeTarget "KeychainPractice-KeychainSwiftTests" */;
			buildPhases = (
				3FB94B842491A2DA005947FD /* Sources */,
				3FB94B852491A2DA005947FD /* Frameworks */,
				3FB94B862491A2DA005947FD /* Resources */,
			);
			buildRules = (
			);
			dependencies = (
				3FB94B8A2491A2DA005947FD /* PBXTargetDependency */,
			);
			name = "KeychainPractice-KeychainSwiftTests";
			productName = "KeychainPractice-KeychainSwiftTests";
			productReference = 3FB94B882491A2DA005947FD /* KeychainPractice-KeychainSwiftTests.xctest */;
			productType = "com.apple.product-type.bundle.unit-test";
		};
		3FB94B922491A2DA005947FD /* KeychainPractice-KeychainSwiftUITests */ = {
			isa = PBXNativeTarget;
			buildConfigurationList = 3FB94BA22491A2DA005947FD /* Build configuration list for PBXNativeTarget "KeychainPractice-KeychainSwiftUITests" */;
			buildPhases = (
				3FB94B8F2491A2DA005947FD /* Sources */,
				3FB94B902491A2DA005947FD /* Frameworks */,
				3FB94B912491A2DA005947FD /* Resources */,
			);
			buildRules = (
			);
			dependencies = (
				3FB94B952491A2DA005947FD /* PBXTargetDependency */,
			);
			name = "KeychainPractice-KeychainSwiftUITests";
			productName = "KeychainPractice-KeychainSwiftUITests";
			productReference = 3FB94B932491A2DA005947FD /* KeychainPractice-KeychainSwiftUITests.xctest */;
			productType = "com.apple.product-type.bundle.ui-testing";
		};
/* End PBXNativeTarget section */

/* Begin PBXProject section */
		3FB94B6A2491A2D6005947FD /* Project object */ = {
			isa = PBXProject;
			attributes = {
				LastSwiftUpdateCheck = 1150;
				LastUpgradeCheck = 1150;
				ORGANIZATIONNAME = "Henry Calderon";
				TargetAttributes = {
					3FB94B712491A2D6005947FD = {
						CreatedOnToolsVersion = 11.5;
					};
					3FB94B872491A2DA005947FD = {
						CreatedOnToolsVersion = 11.5;
						TestTargetID = 3FB94B712491A2D6005947FD;
					};
					3FB94B922491A2DA005947FD = {
						CreatedOnToolsVersion = 11.5;
						TestTargetID = 3FB94B712491A2D6005947FD;
					};
				};
			};
			buildConfigurationList = 3FB94B6D2491A2D6005947FD /* Build configuration list for PBXProject "KeychainPractice-KeychainSwift" */;
			compatibilityVersion = "Xcode 9.3";
			developmentRegion = en;
			hasScannedForEncodings = 0;
			knownRegions = (
				en,
				Base,
			);
			mainGroup = 3FB94B692491A2D6005947FD;
			packageReferences = (
				3FF80F812491AAFF00FD0B20 /* XCRemoteSwiftPackageReference "keychain-swift" */,
			);
			productRefGroup = 3FB94B732491A2D6005947FD /* Products */;
			projectDirPath = "";
			projectRoot = "";
			targets = (
				3FB94B712491A2D6005947FD /* KeychainPractice-KeychainSwift */,
				3FB94B872491A2DA005947FD /* KeychainPractice-KeychainSwiftTests */,
				3FB94B922491A2DA005947FD /* KeychainPractice-KeychainSwiftUITests */,
			);
		};
/* End PBXProject section */

/* Begin PBXResourcesBuildPhase section */
		3FB94B702491A2D6005947FD /* Resources */ = {
			isa = PBXResourcesBuildPhase;
			buildActionMask = 2147483647;
			files = (
				3FB94B822491A2D9005947FD /* LaunchScreen.storyboard in Resources */,
				3FB94B7F2491A2D9005947FD /* Assets.xcassets in Resources */,
				3FB94B7D2491A2D6005947FD /* Main.storyboard in Resources */,
			);
			runOnlyForDeploymentPostprocessing = 0;
		};
		3FB94B862491A2DA005947FD /* Resources */ = {
			isa = PBXResourcesBuildPhase;
			buildActionMask = 2147483647;
			files = (
			);
			runOnlyForDeploymentPostprocessing = 0;
		};
		3FB94B912491A2DA005947FD /* Resources */ = {
			isa = PBXResourcesBuildPhase;
			buildActionMask = 2147483647;
			files = (
			);
			runOnlyForDeploymentPostprocessing = 0;
		};
/* End PBXResourcesBuildPhase section */

/* Begin PBXSourcesBuildPhase section */
		3FB94B6E2491A2D6005947FD /* Sources */ = {
			isa = PBXSourcesBuildPhase;
			buildActionMask = 2147483647;
			files = (
				3FB94B7A2491A2D6005947FD /* ViewController.swift in Sources */,
				3FB94B762491A2D6005947FD /* AppDelegate.swift in Sources */,
				3FB94B782491A2D6005947FD /* SceneDelegate.swift in Sources */,
				3FB94BA72491A560005947FD /* DetailViewController.swift in Sources */,
			);
			runOnlyForDeploymentPostprocessing = 0;
		};
		3FB94B842491A2DA005947FD /* Sources */ = {
			isa = PBXSourcesBuildPhase;
			buildActionMask = 2147483647;
			files = (
				3FB94B8D2491A2DA005947FD /* KeychainPractice_KeychainSwiftTests.swift in Sources */,
			);
			runOnlyForDeploymentPostprocessing = 0;
		};
		3FB94B8F2491A2DA005947FD /* Sources */ = {
			isa = PBXSourcesBuildPhase;
			buildActionMask = 2147483647;
			files = (
				3FB94B982491A2DA005947FD /* KeychainPractice_KeychainSwiftUITests.swift in Sources */,
			);
			runOnlyForDeploymentPostprocessing = 0;
		};
/* End PBXSourcesBuildPhase section */

/* Begin PBXTargetDependency section */
		3FB94B8A2491A2DA005947FD /* PBXTargetDependency */ = {
			isa = PBXTargetDependency;
			target = 3FB94B712491A2D6005947FD /* KeychainPractice-KeychainSwift */;
			targetProxy = 3FB94B892491A2DA005947FD /* PBXContainerItemProxy */;
		};
		3FB94B952491A2DA005947FD /* PBXTargetDependency */ = {
			isa = PBXTargetDependency;
			target = 3FB94B712491A2D6005947FD /* KeychainPractice-KeychainSwift */;
			targetProxy = 3FB94B942491A2DA005947FD /* PBXContainerItemProxy */;
		};
/* End PBXTargetDependency section */

/* Begin PBXVariantGroup section */
		3FB94B7B2491A2D6005947FD /* Main.storyboard */ = {
			isa = PBXVariantGroup;
			children = (
				3FB94B7C2491A2D6005947FD /* Base */,
			);
			name = Main.storyboard;
			sourceTree = "<group>";
		};
		3FB94B802491A2D9005947FD /* LaunchScreen.storyboard */ = {
			isa = PBXVariantGroup;
			children = (
				3FB94B812491A2D9005947FD /* Base */,
			);
			name = LaunchScreen.storyboard;
			sourceTree = "<group>";
		};
/* End PBXVariantGroup section */

/* Begin XCBuildConfiguration section */
		3FB94B9A2491A2DA005947FD /* Debug */ = {
			isa = XCBuildConfiguration;
			buildSettings = {
				ALWAYS_SEARCH_USER_PATHS = NO;
				CLANG_ANALYZER_NONNULL = YES;
				CLANG_ANALYZER_NUMBER_OBJECT_CONVERSION = YES_AGGRESSIVE;
				CLANG_CXX_LANGUAGE_STANDARD = "gnu++14";
				CLANG_CXX_LIBRARY = "libc++";
				CLANG_ENABLE_MODULES = YES;
				CLANG_ENABLE_OBJC_ARC = YES;
				CLANG_ENABLE_OBJC_WEAK = YES;
				CLANG_WARN_BLOCK_CAPTURE_AUTORELEASING = YES;
				CLANG_WARN_BOOL_CONVERSION = YES;
				CLANG_WARN_COMMA = YES;
				CLANG_WARN_CONSTANT_CONVERSION = YES;
				CLANG_WARN_DEPRECATED_OBJC_IMPLEMENTATIONS = YES;
				CLANG_WARN_DIRECT_OBJC_ISA_USAGE = YES_ERROR;
				CLANG_WARN_DOCUMENTATION_COMMENTS = YES;
				CLANG_WARN_EMPTY_BODY = YES;
				CLANG_WARN_ENUM_CONVERSION = YES;
				CLANG_WARN_INFINITE_RECURSION = YES;
				CLANG_WARN_INT_CONVERSION = YES;
				CLANG_WARN_NON_LITERAL_NULL_CONVERSION = YES;
				CLANG_WARN_OBJC_IMPLICIT_RETAIN_SELF = YES;
				CLANG_WARN_OBJC_LITERAL_CONVERSION = YES;
				CLANG_WARN_OBJC_ROOT_CLASS = YES_ERROR;
				CLANG_WARN_RANGE_LOOP_ANALYSIS = YES;
				CLANG_WARN_STRICT_PROTOTYPES = YES;
				CLANG_WARN_SUSPICIOUS_MOVE = YES;
				CLANG_WARN_UNGUARDED_AVAILABILITY = YES_AGGRESSIVE;
				CLANG_WARN_UNREACHABLE_CODE = YES;
				CLANG_WARN__DUPLICATE_METHOD_MATCH = YES;
				COPY_PHASE_STRIP = NO;
				DEBUG_INFORMATION_FORMAT = dwarf;
				ENABLE_STRICT_OBJC_MSGSEND = YES;
				ENABLE_TESTABILITY = YES;
				GCC_C_LANGUAGE_STANDARD = gnu11;
				GCC_DYNAMIC_NO_PIC = NO;
				GCC_NO_COMMON_BLOCKS = YES;
				GCC_OPTIMIZATION_LEVEL = 0;
				GCC_PREPROCESSOR_DEFINITIONS = (
					"DEBUG=1",
					"$(inherited)",
				);
				GCC_WARN_64_TO_32_BIT_CONVERSION = YES;
				GCC_WARN_ABOUT_RETURN_TYPE = YES_ERROR;
				GCC_WARN_UNDECLARED_SELECTOR = YES;
				GCC_WARN_UNINITIALIZED_AUTOS = YES_AGGRESSIVE;
				GCC_WARN_UNUSED_FUNCTION = YES;
				GCC_WARN_UNUSED_VARIABLE = YES;
				IPHONEOS_DEPLOYMENT_TARGET = 13.5;
				MTL_ENABLE_DEBUG_INFO = INCLUDE_SOURCE;
				MTL_FAST_MATH = YES;
				ONLY_ACTIVE_ARCH = YES;
				SDKROOT = iphoneos;
				SWIFT_ACTIVE_COMPILATION_CONDITIONS = DEBUG;
				SWIFT_OPTIMIZATION_LEVEL = "-Onone";
			};
			name = Debug;
		};
		3FB94B9B2491A2DA005947FD /* Release */ = {
			isa = XCBuildConfiguration;
			buildSettings = {
				ALWAYS_SEARCH_USER_PATHS = NO;
				CLANG_ANALYZER_NONNULL = YES;
				CLANG_ANALYZER_NUMBER_OBJECT_CONVERSION = YES_AGGRESSIVE;
				CLANG_CXX_LANGUAGE_STANDARD = "gnu++14";
				CLANG_CXX_LIBRARY = "libc++";
				CLANG_ENABLE_MODULES = YES;
				CLANG_ENABLE_OBJC_ARC = YES;
				CLANG_ENABLE_OBJC_WEAK = YES;
				CLANG_WARN_BLOCK_CAPTURE_AUTORELEASING = YES;
				CLANG_WARN_BOOL_CONVERSION = YES;
				CLANG_WARN_COMMA = YES;
				CLANG_WARN_CONSTANT_CONVERSION = YES;
				CLANG_WARN_DEPRECATED_OBJC_IMPLEMENTATIONS = YES;
				CLANG_WARN_DIRECT_OBJC_ISA_USAGE = YES_ERROR;
				CLANG_WARN_DOCUMENTATION_COMMENTS = YES;
				CLANG_WARN_EMPTY_BODY = YES;
				CLANG_WARN_ENUM_CONVERSION = YES;
				CLANG_WARN_INFINITE_RECURSION = YES;
				CLANG_WARN_INT_CONVERSION = YES;
				CLANG_WARN_NON_LITERAL_NULL_CONVERSION = YES;
				CLANG_WARN_OBJC_IMPLICIT_RETAIN_SELF = YES;
				CLANG_WARN_OBJC_LITERAL_CONVERSION = YES;
				CLANG_WARN_OBJC_ROOT_CLASS = YES_ERROR;
				CLANG_WARN_RANGE_LOOP_ANALYSIS = YES;
				CLANG_WARN_STRICT_PROTOTYPES = YES;
				CLANG_WARN_SUSPICIOUS_MOVE = YES;
				CLANG_WARN_UNGUARDED_AVAILABILITY = YES_AGGRESSIVE;
				CLANG_WARN_UNREACHABLE_CODE = YES;
				CLANG_WARN__DUPLICATE_METHOD_MATCH = YES;
				COPY_PHASE_STRIP = NO;
				DEBUG_INFORMATION_FORMAT = "dwarf-with-dsym";
				ENABLE_NS_ASSERTIONS = NO;
				ENABLE_STRICT_OBJC_MSGSEND = YES;
				GCC_C_LANGUAGE_STANDARD = gnu11;
				GCC_NO_COMMON_BLOCKS = YES;
				GCC_WARN_64_TO_32_BIT_CONVERSION = YES;
				GCC_WARN_ABOUT_RETURN_TYPE = YES_ERROR;
				GCC_WARN_UNDECLARED_SELECTOR = YES;
				GCC_WARN_UNINITIALIZED_AUTOS = YES_AGGRESSIVE;
				GCC_WARN_UNUSED_FUNCTION = YES;
				GCC_WARN_UNUSED_VARIABLE = YES;
				IPHONEOS_DEPLOYMENT_TARGET = 13.5;
				MTL_ENABLE_DEBUG_INFO = NO;
				MTL_FAST_MATH = YES;
				SDKROOT = iphoneos;
				SWIFT_COMPILATION_MODE = wholemodule;
				SWIFT_OPTIMIZATION_LEVEL = "-O";
				VALIDATE_PRODUCT = YES;
			};
			name = Release;
		};
		3FB94B9D2491A2DA005947FD /* Debug */ = {
			isa = XCBuildConfiguration;
			buildSettings = {
				ASSETCATALOG_COMPILER_APPICON_NAME = AppIcon;
				CODE_SIGN_ENTITLEMENTS = "KeychainPractice-KeychainSwift/KeychainPractice-KeychainSwift.entitlements";
				CODE_SIGN_STYLE = Automatic;
				DEVELOPMENT_TEAM = 6VH946FT2M;
				INFOPLIST_FILE = "KeychainPractice-KeychainSwift/Info.plist";
				LD_RUNPATH_SEARCH_PATHS = (
					"$(inherited)",
					"@executable_path/Frameworks",
				);
				PRODUCT_BUNDLE_IDENTIFIER = "com.henrycalderon.KeychainPractice-KeychainSwift";
				PRODUCT_NAME = "$(TARGET_NAME)";
				SWIFT_VERSION = 5.0;
				TARGETED_DEVICE_FAMILY = "1,2";
			};
			name = Debug;
		};
		3FB94B9E2491A2DA005947FD /* Release */ = {
			isa = XCBuildConfiguration;
			buildSettings = {
				ASSETCATALOG_COMPILER_APPICON_NAME = AppIcon;
				CODE_SIGN_ENTITLEMENTS = "KeychainPractice-KeychainSwift/KeychainPractice-KeychainSwift.entitlements";
				CODE_SIGN_STYLE = Automatic;
				DEVELOPMENT_TEAM = 6VH946FT2M;
				INFOPLIST_FILE = "KeychainPractice-KeychainSwift/Info.plist";
				LD_RUNPATH_SEARCH_PATHS = (
					"$(inherited)",
					"@executable_path/Frameworks",
				);
				PRODUCT_BUNDLE_IDENTIFIER = "com.henrycalderon.KeychainPractice-KeychainSwift";
				PRODUCT_NAME = "$(TARGET_NAME)";
				SWIFT_VERSION = 5.0;
				TARGETED_DEVICE_FAMILY = "1,2";
			};
			name = Release;
		};
		3FB94BA02491A2DA005947FD /* Debug */ = {
			isa = XCBuildConfiguration;
			buildSettings = {
				ALWAYS_EMBED_SWIFT_STANDARD_LIBRARIES = YES;
				BUNDLE_LOADER = "$(TEST_HOST)";
				CODE_SIGN_STYLE = Automatic;
				INFOPLIST_FILE = "KeychainPractice-KeychainSwiftTests/Info.plist";
				IPHONEOS_DEPLOYMENT_TARGET = 13.5;
				LD_RUNPATH_SEARCH_PATHS = (
					"$(inherited)",
					"@executable_path/Frameworks",
					"@loader_path/Frameworks",
				);
				PRODUCT_BUNDLE_IDENTIFIER = "com.henrycalderon.KeychainPractice-KeychainSwiftTests";
				PRODUCT_NAME = "$(TARGET_NAME)";
				SWIFT_VERSION = 5.0;
				TARGETED_DEVICE_FAMILY = "1,2";
				TEST_HOST = "$(BUILT_PRODUCTS_DIR)/KeychainPractice-KeychainSwift.app/KeychainPractice-KeychainSwift";
			};
			name = Debug;
		};
		3FB94BA12491A2DA005947FD /* Release */ = {
			isa = XCBuildConfiguration;
			buildSettings = {
				ALWAYS_EMBED_SWIFT_STANDARD_LIBRARIES = YES;
				BUNDLE_LOADER = "$(TEST_HOST)";
				CODE_SIGN_STYLE = Automatic;
				INFOPLIST_FILE = "KeychainPractice-KeychainSwiftTests/Info.plist";
				IPHONEOS_DEPLOYMENT_TARGET = 13.5;
				LD_RUNPATH_SEARCH_PATHS = (
					"$(inherited)",
					"@executable_path/Frameworks",
					"@loader_path/Frameworks",
				);
				PRODUCT_BUNDLE_IDENTIFIER = "com.henrycalderon.KeychainPractice-KeychainSwiftTests";
				PRODUCT_NAME = "$(TARGET_NAME)";
				SWIFT_VERSION = 5.0;
				TARGETED_DEVICE_FAMILY = "1,2";
				TEST_HOST = "$(BUILT_PRODUCTS_DIR)/KeychainPractice-KeychainSwift.app/KeychainPractice-KeychainSwift";
			};
			name = Release;
		};
		3FB94BA32491A2DA005947FD /* Debug */ = {
			isa = XCBuildConfiguration;
			buildSettings = {
				ALWAYS_EMBED_SWIFT_STANDARD_LIBRARIES = YES;
				CODE_SIGN_STYLE = Automatic;
				INFOPLIST_FILE = "KeychainPractice-KeychainSwiftUITests/Info.plist";
				LD_RUNPATH_SEARCH_PATHS = (
					"$(inherited)",
					"@executable_path/Frameworks",
					"@loader_path/Frameworks",
				);
				PRODUCT_BUNDLE_IDENTIFIER = "com.henrycalderon.KeychainPractice-KeychainSwiftUITests";
				PRODUCT_NAME = "$(TARGET_NAME)";
				SWIFT_VERSION = 5.0;
				TARGETED_DEVICE_FAMILY = "1,2";
				TEST_TARGET_NAME = "KeychainPractice-KeychainSwift";
			};
			name = Debug;
		};
		3FB94BA42491A2DA005947FD /* Release */ = {
			isa = XCBuildConfiguration;
			buildSettings = {
				ALWAYS_EMBED_SWIFT_STANDARD_LIBRARIES = YES;
				CODE_SIGN_STYLE = Automatic;
				INFOPLIST_FILE = "KeychainPractice-KeychainSwiftUITests/Info.plist";
				LD_RUNPATH_SEARCH_PATHS = (
					"$(inherited)",
					"@executable_path/Frameworks",
					"@loader_path/Frameworks",
				);
				PRODUCT_BUNDLE_IDENTIFIER = "com.henrycalderon.KeychainPractice-KeychainSwiftUITests";
				PRODUCT_NAME = "$(TARGET_NAME)";
				SWIFT_VERSION = 5.0;
				TARGETED_DEVICE_FAMILY = "1,2";
				TEST_TARGET_NAME = "KeychainPractice-KeychainSwift";
			};
			name = Release;
		};
/* End XCBuildConfiguration section */

/* Begin XCConfigurationList section */
		3FB94B6D2491A2D6005947FD /* Build configuration list for PBXProject "KeychainPractice-KeychainSwift" */ = {
			isa = XCConfigurationList;
			buildConfigurations = (
				3FB94B9A2491A2DA005947FD /* Debug */,
				3FB94B9B2491A2DA005947FD /* Release */,
			);
			defaultConfigurationIsVisible = 0;
			defaultConfigurationName = Release;
		};
		3FB94B9C2491A2DA005947FD /* Build configuration list for PBXNativeTarget "KeychainPractice-KeychainSwift" */ = {
			isa = XCConfigurationList;
			buildConfigurations = (
				3FB94B9D2491A2DA005947FD /* Debug */,
				3FB94B9E2491A2DA005947FD /* Release */,
			);
			defaultConfigurationIsVisible = 0;
			defaultConfigurationName = Release;
		};
		3FB94B9F2491A2DA005947FD /* Build configuration list for PBXNativeTarget "KeychainPractice-KeychainSwiftTests" */ = {
			isa = XCConfigurationList;
			buildConfigurations = (
				3FB94BA02491A2DA005947FD /* Debug */,
				3FB94BA12491A2DA005947FD /* Release */,
			);
			defaultConfigurationIsVisible = 0;
			defaultConfigurationName = Release;
		};
		3FB94BA22491A2DA005947FD /* Build configuration list for PBXNativeTarget "KeychainPractice-KeychainSwiftUITests" */ = {
			isa = XCConfigurationList;
			buildConfigurations = (
				3FB94BA32491A2DA005947FD /* Debug */,
				3FB94BA42491A2DA005947FD /* Release */,
			);
			defaultConfigurationIsVisible = 0;
			defaultConfigurationName = Release;
		};
/* End XCConfigurationList section */

/* Begin XCRemoteSwiftPackageReference section */
		3FF80F812491AAFF00FD0B20 /* XCRemoteSwiftPackageReference "keychain-swift" */ = {
			isa = XCRemoteSwiftPackageReference;
			repositoryURL = "https://github.com/evgenyneu/keychain-swift.git";
			requirement = {
				kind = upToNextMajorVersion;
				minimumVersion = 19.0.0;
			};
		};
/* End XCRemoteSwiftPackageReference section */

/* Begin XCSwiftPackageProductDependency section */
		3FF80F822491AAFF00FD0B20 /* KeychainSwift */ = {
			isa = XCSwiftPackageProductDependency;
			package = 3FF80F812491AAFF00FD0B20 /* XCRemoteSwiftPackageReference "keychain-swift" */;
			productName = KeychainSwift;
		};
/* End XCSwiftPackageProductDependency section */
	};
	rootObject = 3FB94B6A2491A2D6005947FD /* Project object */;
}
